
Microsoft Visual Studio Solution File, Format Version 12.00
# Visual Studio Version 17
VisualStudioVersion = 17.11.35327.3
MinimumVisualStudioVersion = 10.0.40219.1
Project("{FAE04EC0-301F-11D3-BF4B-00C04F79EFBC}") = "Eticaret.WebUI", "Eticaret.WebUI\Eticaret.WebUI.csproj", "{AC3BBBE5-805F-440D-8C29-649320460BC8}"
EndProject
Project("{FAE04EC0-301F-11D3-BF4B-00C04F79EFBC}") = "Eticaret.Core", "Eticaret.Core\Eticaret.Core.csproj", "{55E1E8E8-8B5B-46CF-94AA-E50E0BF997ED}"
EndProject
Project("{FAE04EC0-301F-11D3-BF4B-00C04F79EFBC}") = "Eticaret.Data", "Eticaret.Data\Eticaret.Data.csproj", "{C37172AF-D911-486C-9222-9D7F2819690A}"
EndProject
Project("{FAE04EC0-301F-11D3-BF4B-00C04F79EFBC}") = "Eticaret.Service", "Eticaret.Service\Eticaret.Service.csproj", "{41EDC754-217F-4EF4-AC68-D7FB1265B768}"
EndProject
Global
	GlobalSection(SolutionConfigurationPlatforms) = preSolution
		Debug|Any CPU = Debug|Any CPU
		Release|Any CPU = Release|Any CPU
	EndGlobalSection
	GlobalSection(ProjectConfigurationPlatforms) = postSolution
		{AC3BBBE5-805F-440D-8C29-649320460BC8}.Debug|Any CPU.ActiveCfg = Debug|Any CPU
		{AC3BBBE5-805F-440D-8C29-649320460BC8}.Debug|Any CPU.Build.0 = Debug|Any CPU
		{AC3BBBE5-805F-440D-8C29-649320460BC8}.Release|Any CPU.ActiveCfg = Release|Any CPU
		{AC3BBBE5-805F-440D-8C29-649320460BC8}.Release|Any CPU.Build.0 = Release|Any CPU
		{55E1E8E8-8B5B-46CF-94AA-E50E0BF997ED}.Debug|Any CPU.ActiveCfg = Debug|Any CPU
		{55E1E8E8-8B5B-46CF-94AA-E50E0BF997ED}.Debug|Any CPU.Build.0 = Debug|Any CPU
		{55E1E8E8-8B5B-46CF-94AA-E50E0BF997ED}.Release|Any CPU.ActiveCfg = Release|Any CPU
		{55E1E8E8-8B5B-46CF-94AA-E50E0BF997ED}.Release|Any CPU.Build.0 = Release|Any CPU
		{C37172AF-D911-486C-9222-9D7F2819690A}.Debug|Any CPU.ActiveCfg = Debug|Any CPU
		{C37172AF-D911-486C-9222-9D7F2819690A}.Debug|Any CPU.Build.0 = Debug|Any CPU
		{C37172AF-D911-486C-9222-9D7F2819690A}.Release|Any CPU.ActiveCfg = Release|Any CPU
		{C37172AF-D911-486C-9222-9D7F2819690A}.Release|Any CPU.Build.0 = Release|Any CPU
		{41EDC754-217F-4EF4-AC68-D7FB1265B768}.Debug|Any CPU.ActiveCfg = Debug|Any CPU
		{41EDC754-217F-4EF4-AC68-D7FB1265B768}.Debug|Any CPU.Build.0 = Debug|Any CPU
		{41EDC754-217F-4EF4-AC68-D7FB1265B768}.Release|Any CPU.ActiveCfg = Release|Any CPU
		{41EDC754-217F-4EF4-AC68-D7FB1265B768}.Release|Any CPU.Build.0 = Release|Any CPU
	EndGlobalSection
	GlobalSection(SolutionProperties) = preSolution
		HideSolutionNode = FALSE
	EndGlobalSection
	GlobalSection(ExtensibilityGlobals) = postSolution
		SolutionGuid = {ADC5FDD7-F1A9-42E7-9F06-F40DBF35F6CB}
	EndGlobalSection
EndGlobal
